
Microsoft Visual Studio Solution File, Format Version 12.00
# Blend for Visual Studio Version 17
VisualStudioVersion = 17.8.34525.116
MinimumVisualStudioVersion = 10.0.40219.1
Project("{FAE04EC0-301F-11D3-BF4B-00C04F79EFBC}") = "Presentation", "Presentation\Presentation.csproj", "{48CB5CFE-84BF-475D-A334-E1B04341EA4D}"
EndProject
Global
	GlobalSection(SolutionConfigurationPlatforms) = preSolution
		Debug|Any CPU = Debug|Any CPU
		Release|Any CPU = Release|Any CPU
	EndGlobalSection
	GlobalSection(ProjectConfigurationPlatforms) = postSolution
		{48CB5CFE-84BF-475D-A334-E1B04341EA4D}.Debug|Any CPU.ActiveCfg = Debug|Any CPU
		{48CB5CFE-84BF-475D-A334-E1B04341EA4D}.Debug|Any CPU.Build.0 = Debug|Any CPU
		{48CB5CFE-84BF-475D-A334-E1B04341EA4D}.Release|Any CPU.ActiveCfg = Release|Any CPU
		{48CB5CFE-84BF-475D-A334-E1B04341EA4D}.Release|Any CPU.Build.0 = Release|Any CPU
	EndGlobalSection
	GlobalSection(SolutionProperties) = preSolution
		HideSolutionNode = FALSE
	EndGlobalSection
	GlobalSection(ExtensibilityGlobals) = postSolution
		SolutionGuid = {D5B5FA22-33D8-4159-8604-7B102CC6E333}
	EndGlobalSection
EndGlobal
